
Microsoft Visual Studio Solution File, Format Version 12.00
# Visual Studio Version 16
VisualStudioVersion = 16.0.30204.135
MinimumVisualStudioVersion = 10.0.40219.1
Project("{9A19103F-16F7-4668-BE54-9A1E7A4F7556}") = "SMS.Model", "SMS.Model\SMS.Model.csproj", "{A913D791-3CE9-422A-AB7A-0744ACF8E54B}"
EndProject
Project("{9A19103F-16F7-4668-BE54-9A1E7A4F7556}") = "SMS.DAL", "SMS.DAL\SMS.DAL.csproj", "{24A67474-823C-4ACF-AE3C-0074BDFDF00A}"
EndProject
Project("{9A19103F-16F7-4668-BE54-9A1E7A4F7556}") = "SMS.BLL", "SMS.BLL\SMS.BLL.csproj", "{5B7600C5-1828-4ACF-AD8D-0951E65BE34F}"
EndProject
Project("{9A19103F-16F7-4668-BE54-9A1E7A4F7556}") = "SMS.Core", "SMS.Core\SMS.Core.csproj", "{E7EACD65-965C-48E3-A140-4F42368359A0}"
EndProject
Project("{9A19103F-16F7-4668-BE54-9A1E7A4F7556}") = "SMS.DTO", "SMS.DTO\SMS.DTO.csproj", "{60014F94-1022-4522-B6C7-6E06EDC1BC0E}"
EndProject
Project("{9A19103F-16F7-4668-BE54-9A1E7A4F7556}") = "SMS.Mapping", "SMS.Mapping\SMS.Mapping.csproj", "{D1543B3F-EF1E-4E40-BE11-960F8DC51ABD}"
EndProject
Project("{9A19103F-16F7-4668-BE54-9A1E7A4F7556}") = "SMS.WebUI", "SMS.WebUI\SMS.WebUI.csproj", "{6D0E6E7C-85A3-4908-ADAB-FF566D9D1F01}"
EndProject
Project("{159641D6-6404-4A2A-AE62-294DE0FE8301}") = "SMS.SSIS", "SMS.SSIS\SMS.SSIS.dtproj", "{369B430C-89EA-4B24-AE48-3962402309AE}"
EndProject
Global
	GlobalSection(SolutionConfigurationPlatforms) = preSolution
		Debug|Any CPU = Debug|Any CPU
		Development|Any CPU = Development|Any CPU
		Release|Any CPU = Release|Any CPU
	EndGlobalSection
	GlobalSection(ProjectConfigurationPlatforms) = postSolution
		{A913D791-3CE9-422A-AB7A-0744ACF8E54B}.Debug|Any CPU.ActiveCfg = Debug|Any CPU
		{A913D791-3CE9-422A-AB7A-0744ACF8E54B}.Debug|Any CPU.Build.0 = Debug|Any CPU
		{A913D791-3CE9-422A-AB7A-0744ACF8E54B}.Development|Any CPU.ActiveCfg = Debug|Any CPU
		{A913D791-3CE9-422A-AB7A-0744ACF8E54B}.Development|Any CPU.Build.0 = Debug|Any CPU
		{A913D791-3CE9-422A-AB7A-0744ACF8E54B}.Release|Any CPU.ActiveCfg = Release|Any CPU
		{A913D791-3CE9-422A-AB7A-0744ACF8E54B}.Release|Any CPU.Build.0 = Release|Any CPU
		{24A67474-823C-4ACF-AE3C-0074BDFDF00A}.Debug|Any CPU.ActiveCfg = Debug|Any CPU
		{24A67474-823C-4ACF-AE3C-0074BDFDF00A}.Debug|Any CPU.Build.0 = Debug|Any CPU
		{24A67474-823C-4ACF-AE3C-0074BDFDF00A}.Development|Any CPU.ActiveCfg = Debug|Any CPU
		{24A67474-823C-4ACF-AE3C-0074BDFDF00A}.Development|Any CPU.Build.0 = Debug|Any CPU
		{24A67474-823C-4ACF-AE3C-0074BDFDF00A}.Release|Any CPU.ActiveCfg = Release|Any CPU
		{24A67474-823C-4ACF-AE3C-0074BDFDF00A}.Release|Any CPU.Build.0 = Release|Any CPU
		{5B7600C5-1828-4ACF-AD8D-0951E65BE34F}.Debug|Any CPU.ActiveCfg = Debug|Any CPU
		{5B7600C5-1828-4ACF-AD8D-0951E65BE34F}.Debug|Any CPU.Build.0 = Debug|Any CPU
		{5B7600C5-1828-4ACF-AD8D-0951E65BE34F}.Development|Any CPU.ActiveCfg = Debug|Any CPU
		{5B7600C5-1828-4ACF-AD8D-0951E65BE34F}.Development|Any CPU.Build.0 = Debug|Any CPU
		{5B7600C5-1828-4ACF-AD8D-0951E65BE34F}.Release|Any CPU.ActiveCfg = Release|Any CPU
		{5B7600C5-1828-4ACF-AD8D-0951E65BE34F}.Release|Any CPU.Build.0 = Release|Any CPU
		{E7EACD65-965C-48E3-A140-4F42368359A0}.Debug|Any CPU.ActiveCfg = Debug|Any CPU
		{E7EACD65-965C-48E3-A140-4F42368359A0}.Debug|Any CPU.Build.0 = Debug|Any CPU
		{E7EACD65-965C-48E3-A140-4F42368359A0}.Development|Any CPU.ActiveCfg = Debug|Any CPU
		{E7EACD65-965C-48E3-A140-4F42368359A0}.Development|Any CPU.Build.0 = Debug|Any CPU
		{E7EACD65-965C-48E3-A140-4F42368359A0}.Release|Any CPU.ActiveCfg = Release|Any CPU
		{E7EACD65-965C-48E3-A140-4F42368359A0}.Release|Any CPU.Build.0 = Release|Any CPU
		{60014F94-1022-4522-B6C7-6E06EDC1BC0E}.Debug|Any CPU.ActiveCfg = Debug|Any CPU
		{60014F94-1022-4522-B6C7-6E06EDC1BC0E}.Debug|Any CPU.Build.0 = Debug|Any CPU
		{60014F94-1022-4522-B6C7-6E06EDC1BC0E}.Development|Any CPU.ActiveCfg = Debug|Any CPU
		{60014F94-1022-4522-B6C7-6E06EDC1BC0E}.Development|Any CPU.Build.0 = Debug|Any CPU
		{60014F94-1022-4522-B6C7-6E06EDC1BC0E}.Release|Any CPU.ActiveCfg = Release|Any CPU
		{60014F94-1022-4522-B6C7-6E06EDC1BC0E}.Release|Any CPU.Build.0 = Release|Any CPU
		{D1543B3F-EF1E-4E40-BE11-960F8DC51ABD}.Debug|Any CPU.ActiveCfg = Debug|Any CPU
		{D1543B3F-EF1E-4E40-BE11-960F8DC51ABD}.Debug|Any CPU.Build.0 = Debug|Any CPU
		{D1543B3F-EF1E-4E40-BE11-960F8DC51ABD}.Development|Any CPU.ActiveCfg = Debug|Any CPU
		{D1543B3F-EF1E-4E40-BE11-960F8DC51ABD}.Development|Any CPU.Build.0 = Debug|Any CPU
		{D1543B3F-EF1E-4E40-BE11-960F8DC51ABD}.Release|Any CPU.ActiveCfg = Release|Any CPU
		{D1543B3F-EF1E-4E40-BE11-960F8DC51ABD}.Release|Any CPU.Build.0 = Release|Any CPU
		{6D0E6E7C-85A3-4908-ADAB-FF566D9D1F01}.Debug|Any CPU.ActiveCfg = Debug|Any CPU
		{6D0E6E7C-85A3-4908-ADAB-FF566D9D1F01}.Debug|Any CPU.Build.0 = Debug|Any CPU
		{6D0E6E7C-85A3-4908-ADAB-FF566D9D1F01}.Development|Any CPU.ActiveCfg = Debug|Any CPU
		{6D0E6E7C-85A3-4908-ADAB-FF566D9D1F01}.Development|Any CPU.Build.0 = Debug|Any CPU
		{6D0E6E7C-85A3-4908-ADAB-FF566D9D1F01}.Release|Any CPU.ActiveCfg = Release|Any CPU
		{6D0E6E7C-85A3-4908-ADAB-FF566D9D1F01}.Release|Any CPU.Build.0 = Release|Any CPU
		{369B430C-89EA-4B24-AE48-3962402309AE}.Debug|Any CPU.ActiveCfg = Development
		{369B430C-89EA-4B24-AE48-3962402309AE}.Debug|Any CPU.Build.0 = Development
		{369B430C-89EA-4B24-AE48-3962402309AE}.Development|Any CPU.ActiveCfg = Development
		{369B430C-89EA-4B24-AE48-3962402309AE}.Development|Any CPU.Build.0 = Development
		{369B430C-89EA-4B24-AE48-3962402309AE}.Release|Any CPU.ActiveCfg = Development
		{369B430C-89EA-4B24-AE48-3962402309AE}.Release|Any CPU.Build.0 = Development
	EndGlobalSection
	GlobalSection(SolutionProperties) = preSolution
		HideSolutionNode = FALSE
	EndGlobalSection
	GlobalSection(ExtensibilityGlobals) = postSolution
		SolutionGuid = {7928CDF5-24D2-4CA1-9B6F-CA2A63779A4E}
	EndGlobalSection
EndGlobal
